
Microsoft Visual Studio Solution File, Format Version 12.00
# Visual Studio Version 16
VisualStudioVersion = 16.0.30011.22
MinimumVisualStudioVersion = 10.0.40219.1
Project("{FAE04EC0-301F-11D3-BF4B-00C04F79EFBC}") = "Assignment4", "Assignment4\Assignment4.csproj", "{840CBE5C-A15F-401E-AFB4-E86D7422452D}"
EndProject
Global
	GlobalSection(SolutionConfigurationPlatforms) = preSolution
		Debug|Any CPU = Debug|Any CPU
		Release|Any CPU = Release|Any CPU
	EndGlobalSection
	GlobalSection(ProjectConfigurationPlatforms) = postSolution
		{840CBE5C-A15F-401E-AFB4-E86D7422452D}.Debug|Any CPU.ActiveCfg = Debug|Any CPU
		{840CBE5C-A15F-401E-AFB4-E86D7422452D}.Debug|Any CPU.Build.0 = Debug|Any CPU
		{840CBE5C-A15F-401E-AFB4-E86D7422452D}.Release|Any CPU.ActiveCfg = Release|Any CPU
		{840CBE5C-A15F-401E-AFB4-E86D7422452D}.Release|Any CPU.Build.0 = Release|Any CPU
	EndGlobalSection
	GlobalSection(SolutionProperties) = preSolution
		HideSolutionNode = FALSE
	EndGlobalSection
	GlobalSection(ExtensibilityGlobals) = postSolution
		SolutionGuid = {F397E108-C5FF-470A-9F62-7C45C1FA4A4B}
	EndGlobalSection
EndGlobal
